
Microsoft Visual Studio Solution File, Format Version 12.00
# Visual Studio Version 17
VisualStudioVersion = 17.5.33502.453
MinimumVisualStudioVersion = 10.0.40219.1
Project("{9A19103F-16F7-4668-BE54-9A1E7A4F7556}") = "Api", "src\Api\Api.csproj", "{EA17CBC5-60E8-4A61-B676-8C1C0FD39640}"
EndProject
Project("{9A19103F-16F7-4668-BE54-9A1E7A4F7556}") = "Domain", "src\Domain\Domain.csproj", "{EAF524A9-A143-405B-8D2F-A57E3E541F1F}"
EndProject
Project("{9A19103F-16F7-4668-BE54-9A1E7A4F7556}") = "Infrastructure", "src\Infrastructure\Infrastructure.csproj", "{25131029-B98C-449E-87FF-BD606429F30B}"
EndProject
Project("{9A19103F-16F7-4668-BE54-9A1E7A4F7556}") = "Application", "src\Application\Application.csproj", "{416104DF-E1D1-44BE-8728-1920D355D34C}"
EndProject
Project("{9A19103F-16F7-4668-BE54-9A1E7A4F7556}") = "Api.UnitTests", "tests\Api.UnitTests\Api.UnitTests.csproj", "{35056845-6A7F-44F5-B4A6-24B224D468DB}"
EndProject
Project("{9A19103F-16F7-4668-BE54-9A1E7A4F7556}") = "Application.UnitTests", "tests\Application.UnitTests\Application.UnitTests.csproj", "{7288682F-64D3-47D0-8CBB-F1A0F31D7D43}"
EndProject
Project("{9A19103F-16F7-4668-BE54-9A1E7A4F7556}") = "Infrastructure.UnitTests", "tests\Infrastructure.UnitTests\Infrastructure.UnitTests.csproj", "{B67D1CB5-2C31-4352-9A1E-9C14152C2BC2}"
EndProject
Project("{9A19103F-16F7-4668-BE54-9A1E7A4F7556}") = "Domain.UnitTests", "tests\Domain.UnitTests\Domain.UnitTests.csproj", "{89C72F08-083C-4B4F-BB67-34544052F86B}"
EndProject
Project("{2150E333-8FDC-42A3-9474-1A3956D46DE8}") = "src", "src", "{747227D3-F597-44FD-9F01-C7DA3F3F318B}"
EndProject
Project("{2150E333-8FDC-42A3-9474-1A3956D46DE8}") = "tests", "tests", "{EA835602-2990-4643-AA8D-C36F7FE0B7EE}"
EndProject
Project("{FAE04EC0-301F-11D3-BF4B-00C04F79EFBC}") = "Api.IntegrationTests", "tests\Api.IntegrationTests\Api.IntegrationTests.csproj", "{795DA761-2CC6-4F55-8336-4934D8E4246A}"
EndProject
Global
	GlobalSection(SolutionConfigurationPlatforms) = preSolution
		Debug|Any CPU = Debug|Any CPU
		Release|Any CPU = Release|Any CPU
	EndGlobalSection
	GlobalSection(ProjectConfigurationPlatforms) = postSolution
		{EA17CBC5-60E8-4A61-B676-8C1C0FD39640}.Debug|Any CPU.ActiveCfg = Debug|Any CPU
		{EA17CBC5-60E8-4A61-B676-8C1C0FD39640}.Debug|Any CPU.Build.0 = Debug|Any CPU
		{EA17CBC5-60E8-4A61-B676-8C1C0FD39640}.Release|Any CPU.ActiveCfg = Release|Any CPU
		{EA17CBC5-60E8-4A61-B676-8C1C0FD39640}.Release|Any CPU.Build.0 = Release|Any CPU
		{EAF524A9-A143-405B-8D2F-A57E3E541F1F}.Debug|Any CPU.ActiveCfg = Debug|Any CPU
		{EAF524A9-A143-405B-8D2F-A57E3E541F1F}.Debug|Any CPU.Build.0 = Debug|Any CPU
		{EAF524A9-A143-405B-8D2F-A57E3E541F1F}.Release|Any CPU.ActiveCfg = Release|Any CPU
		{EAF524A9-A143-405B-8D2F-A57E3E541F1F}.Release|Any CPU.Build.0 = Release|Any CPU
		{25131029-B98C-449E-87FF-BD606429F30B}.Debug|Any CPU.ActiveCfg = Debug|Any CPU
		{25131029-B98C-449E-87FF-BD606429F30B}.Debug|Any CPU.Build.0 = Debug|Any CPU
		{25131029-B98C-449E-87FF-BD606429F30B}.Release|Any CPU.ActiveCfg = Release|Any CPU
		{25131029-B98C-449E-87FF-BD606429F30B}.Release|Any CPU.Build.0 = Release|Any CPU
		{416104DF-E1D1-44BE-8728-1920D355D34C}.Debug|Any CPU.ActiveCfg = Debug|Any CPU
		{416104DF-E1D1-44BE-8728-1920D355D34C}.Debug|Any CPU.Build.0 = Debug|Any CPU
		{416104DF-E1D1-44BE-8728-1920D355D34C}.Release|Any CPU.ActiveCfg = Release|Any CPU
		{416104DF-E1D1-44BE-8728-1920D355D34C}.Release|Any CPU.Build.0 = Release|Any CPU
		{35056845-6A7F-44F5-B4A6-24B224D468DB}.Debug|Any CPU.ActiveCfg = Debug|Any CPU
		{35056845-6A7F-44F5-B4A6-24B224D468DB}.Debug|Any CPU.Build.0 = Debug|Any CPU
		{35056845-6A7F-44F5-B4A6-24B224D468DB}.Release|Any CPU.ActiveCfg = Release|Any CPU
		{35056845-6A7F-44F5-B4A6-24B224D468DB}.Release|Any CPU.Build.0 = Release|Any CPU
		{7288682F-64D3-47D0-8CBB-F1A0F31D7D43}.Debug|Any CPU.ActiveCfg = Debug|Any CPU
		{7288682F-64D3-47D0-8CBB-F1A0F31D7D43}.Debug|Any CPU.Build.0 = Debug|Any CPU
		{7288682F-64D3-47D0-8CBB-F1A0F31D7D43}.Release|Any CPU.ActiveCfg = Release|Any CPU
		{7288682F-64D3-47D0-8CBB-F1A0F31D7D43}.Release|Any CPU.Build.0 = Release|Any CPU
		{B67D1CB5-2C31-4352-9A1E-9C14152C2BC2}.Debug|Any CPU.ActiveCfg = Debug|Any CPU
		{B67D1CB5-2C31-4352-9A1E-9C14152C2BC2}.Debug|Any CPU.Build.0 = Debug|Any CPU
		{B67D1CB5-2C31-4352-9A1E-9C14152C2BC2}.Release|Any CPU.ActiveCfg = Release|Any CPU
		{B67D1CB5-2C31-4352-9A1E-9C14152C2BC2}.Release|Any CPU.Build.0 = Release|Any CPU
		{89C72F08-083C-4B4F-BB67-34544052F86B}.Debug|Any CPU.ActiveCfg = Debug|Any CPU
		{89C72F08-083C-4B4F-BB67-34544052F86B}.Debug|Any CPU.Build.0 = Debug|Any CPU
		{89C72F08-083C-4B4F-BB67-34544052F86B}.Release|Any CPU.ActiveCfg = Release|Any CPU
		{89C72F08-083C-4B4F-BB67-34544052F86B}.Release|Any CPU.Build.0 = Release|Any CPU
		{795DA761-2CC6-4F55-8336-4934D8E4246A}.Debug|Any CPU.ActiveCfg = Debug|Any CPU
		{795DA761-2CC6-4F55-8336-4934D8E4246A}.Debug|Any CPU.Build.0 = Debug|Any CPU
		{795DA761-2CC6-4F55-8336-4934D8E4246A}.Release|Any CPU.ActiveCfg = Release|Any CPU
		{795DA761-2CC6-4F55-8336-4934D8E4246A}.Release|Any CPU.Build.0 = Release|Any CPU
	EndGlobalSection
	GlobalSection(SolutionProperties) = preSolution
		HideSolutionNode = FALSE
	EndGlobalSection
	GlobalSection(NestedProjects) = preSolution
		{EA17CBC5-60E8-4A61-B676-8C1C0FD39640} = {747227D3-F597-44FD-9F01-C7DA3F3F318B}
		{EAF524A9-A143-405B-8D2F-A57E3E541F1F} = {747227D3-F597-44FD-9F01-C7DA3F3F318B}
		{25131029-B98C-449E-87FF-BD606429F30B} = {747227D3-F597-44FD-9F01-C7DA3F3F318B}
		{416104DF-E1D1-44BE-8728-1920D355D34C} = {747227D3-F597-44FD-9F01-C7DA3F3F318B}
		{35056845-6A7F-44F5-B4A6-24B224D468DB} = {EA835602-2990-4643-AA8D-C36F7FE0B7EE}
		{7288682F-64D3-47D0-8CBB-F1A0F31D7D43} = {EA835602-2990-4643-AA8D-C36F7FE0B7EE}
		{B67D1CB5-2C31-4352-9A1E-9C14152C2BC2} = {EA835602-2990-4643-AA8D-C36F7FE0B7EE}
		{89C72F08-083C-4B4F-BB67-34544052F86B} = {EA835602-2990-4643-AA8D-C36F7FE0B7EE}
		{795DA761-2CC6-4F55-8336-4934D8E4246A} = {EA835602-2990-4643-AA8D-C36F7FE0B7EE}
	EndGlobalSection
	GlobalSection(ExtensibilityGlobals) = postSolution
		SolutionGuid = {7FF5ED68-7371-4B36-A0CB-4E22CA1F0A55}
	EndGlobalSection
EndGlobal
