
Microsoft Visual Studio Solution File, Format Version 12.00
# Visual Studio Version 17
VisualStudioVersion = 17.5.33502.453
MinimumVisualStudioVersion = 10.0.40219.1
Project("{9A19103F-16F7-4668-BE54-9A1E7A4F7556}") = "StudyZen", "StudyZen.csproj", "{EA17CBC5-60E8-4A61-B676-8C1C0FD39640}"
EndProject
Global
	GlobalSection(SolutionConfigurationPlatforms) = preSolution
		Debug|Any CPU = Debug|Any CPU
		Release|Any CPU = Release|Any CPU
	EndGlobalSection
	GlobalSection(ProjectConfigurationPlatforms) = postSolution
		{EA17CBC5-60E8-4A61-B676-8C1C0FD39640}.Debug|Any CPU.ActiveCfg = Debug|Any CPU
		{EA17CBC5-60E8-4A61-B676-8C1C0FD39640}.Debug|Any CPU.Build.0 = Debug|Any CPU
		{EA17CBC5-60E8-4A61-B676-8C1C0FD39640}.Release|Any CPU.ActiveCfg = Release|Any CPU
		{EA17CBC5-60E8-4A61-B676-8C1C0FD39640}.Release|Any CPU.Build.0 = Release|Any CPU
	EndGlobalSection
	GlobalSection(SolutionProperties) = preSolution
		HideSolutionNode = FALSE
	EndGlobalSection
	GlobalSection(ExtensibilityGlobals) = postSolution
		SolutionGuid = {7FF5ED68-7371-4B36-A0CB-4E22CA1F0A55}
	EndGlobalSection
EndGlobal
